{
  "name": "Config",
  "lockfileVersion": 3,
  "requires": true,
  "packages": {
    "": {
      "dependencies": {
        "sienna-accessibility": "^1.0.0"
      }
    },
    "node_modules/sienna-accessibility": {
      "version": "1.0.0",
      "resolved": "https://registry.npmjs.org/sienna-accessibility/-/sienna-accessibility-1.0.0.tgz",
      "integrity": "sha512-kB0H8UZsI8jNWWu3ZUZaTdAr8/W38gTczTJoayeqTo8BICuOCoaWp08kB3UQCGXXfz0cYMOHW4L49i7GThHMgw==",
      "license": "MIT"
    }
  }
}
